
Microsoft Visual Studio Solution File, Format Version 12.00
# Visual Studio 15
VisualStudioVersion = 15.0.27004.2005
MinimumVisualStudioVersion = 10.0.40219.1
Project("{9A19103F-16F7-4668-BE54-9A1E7A4F7556}") = "Dews.Api", "Dews\Dews.Api.csproj", "{A479409C-78C3-4C02-BA68-A44703D0A442}"
EndProject
Project("{9A19103F-16F7-4668-BE54-9A1E7A4F7556}") = "Dews.News", "Dews.News\Dews.News.csproj", "{838589AB-7C14-47CD-ACEB-ACA55D43906E}"
EndProject
Project("{9A19103F-16F7-4668-BE54-9A1E7A4F7556}") = "Dews.DataAccess", "Dews.DataAccess\Dews.DataAccess.csproj", "{0FDDAB61-9D23-4B0F-9309-1ACAA03E2516}"
EndProject
Project("{9A19103F-16F7-4668-BE54-9A1E7A4F7556}") = "Dews.Logger", "Dews.Logger\Dews.Logger.csproj", "{2C9E285C-DAA0-4A99-8691-BA9CFD88EB42}"
EndProject
Project("{2150E333-8FDC-42A3-9474-1A3956D46DE8}") = "DataAccess", "DataAccess", "{C211615F-2267-43C6-AA77-785C78CB38D9}"
EndProject
Project("{2150E333-8FDC-42A3-9474-1A3956D46DE8}") = "Api", "Api", "{F4E15AC2-2668-4AE0-8B85-DD505F2EAFBA}"
EndProject
Project("{2150E333-8FDC-42A3-9474-1A3956D46DE8}") = "Logger", "Logger", "{024A026F-4C23-4998-885A-8C74AE97403B}"
EndProject
Project("{2150E333-8FDC-42A3-9474-1A3956D46DE8}") = "Business", "Business", "{4A87E7A0-4C21-453D-B200-CD7ADB7B41BE}"
EndProject
Project("{9A19103F-16F7-4668-BE54-9A1E7A4F7556}") = "Dews.DataAccess.NPocoDB", "Dews.DataAccess.NPoco\Dews.DataAccess.NPocoDB.csproj", "{535DE0AC-415F-4FF9-A084-8472E45CF2ED}"
EndProject
Project("{2150E333-8FDC-42A3-9474-1A3956D46DE8}") = "Shared", "Shared", "{275C7226-BE1A-4C13-A3CE-D131FF5AFA9A}"
EndProject
Project("{9A19103F-16F7-4668-BE54-9A1E7A4F7556}") = "Dews.Shared", "Dews.Shared\Dews.Shared.csproj", "{7DE0D9C0-AB36-4A2C-8412-4926F4664C75}"
EndProject
Project("{9A19103F-16F7-4668-BE54-9A1E7A4F7556}") = "Dews.Logger.ConsoleLogger", "Dews.Logger.EventViewer\Dews.Logger.ConsoleLogger.csproj", "{4A3E03E8-2DB1-4054-954C-8EE6A1D623C6}"
EndProject
Project("{2150E333-8FDC-42A3-9474-1A3956D46DE8}") = "IdentityServer", "IdentityServer", "{08B8E5E5-E2E8-4C3C-BCDC-D701E76C7E1C}"
EndProject
Project("{9A19103F-16F7-4668-BE54-9A1E7A4F7556}") = "IdentityServerWithAspNetIdentity", "IdentityServerWithAspNetIdentity\IdentityServerWithAspNetIdentity.csproj", "{738D60B8-92DF-4CF0-A0FA-F879FA422593}"
EndProject
Global
	GlobalSection(SolutionConfigurationPlatforms) = preSolution
		Debug|Any CPU = Debug|Any CPU
		Release|Any CPU = Release|Any CPU
	EndGlobalSection
	GlobalSection(ProjectConfigurationPlatforms) = postSolution
		{A479409C-78C3-4C02-BA68-A44703D0A442}.Debug|Any CPU.ActiveCfg = Debug|Any CPU
		{A479409C-78C3-4C02-BA68-A44703D0A442}.Debug|Any CPU.Build.0 = Debug|Any CPU
		{A479409C-78C3-4C02-BA68-A44703D0A442}.Release|Any CPU.ActiveCfg = Release|Any CPU
		{A479409C-78C3-4C02-BA68-A44703D0A442}.Release|Any CPU.Build.0 = Release|Any CPU
		{838589AB-7C14-47CD-ACEB-ACA55D43906E}.Debug|Any CPU.ActiveCfg = Debug|Any CPU
		{838589AB-7C14-47CD-ACEB-ACA55D43906E}.Debug|Any CPU.Build.0 = Debug|Any CPU
		{838589AB-7C14-47CD-ACEB-ACA55D43906E}.Release|Any CPU.ActiveCfg = Release|Any CPU
		{838589AB-7C14-47CD-ACEB-ACA55D43906E}.Release|Any CPU.Build.0 = Release|Any CPU
		{0FDDAB61-9D23-4B0F-9309-1ACAA03E2516}.Debug|Any CPU.ActiveCfg = Debug|Any CPU
		{0FDDAB61-9D23-4B0F-9309-1ACAA03E2516}.Debug|Any CPU.Build.0 = Debug|Any CPU
		{0FDDAB61-9D23-4B0F-9309-1ACAA03E2516}.Release|Any CPU.ActiveCfg = Release|Any CPU
		{0FDDAB61-9D23-4B0F-9309-1ACAA03E2516}.Release|Any CPU.Build.0 = Release|Any CPU
		{2C9E285C-DAA0-4A99-8691-BA9CFD88EB42}.Debug|Any CPU.ActiveCfg = Debug|Any CPU
		{2C9E285C-DAA0-4A99-8691-BA9CFD88EB42}.Debug|Any CPU.Build.0 = Debug|Any CPU
		{2C9E285C-DAA0-4A99-8691-BA9CFD88EB42}.Release|Any CPU.ActiveCfg = Release|Any CPU
		{2C9E285C-DAA0-4A99-8691-BA9CFD88EB42}.Release|Any CPU.Build.0 = Release|Any CPU
		{535DE0AC-415F-4FF9-A084-8472E45CF2ED}.Debug|Any CPU.ActiveCfg = Debug|Any CPU
		{535DE0AC-415F-4FF9-A084-8472E45CF2ED}.Debug|Any CPU.Build.0 = Debug|Any CPU
		{535DE0AC-415F-4FF9-A084-8472E45CF2ED}.Release|Any CPU.ActiveCfg = Release|Any CPU
		{535DE0AC-415F-4FF9-A084-8472E45CF2ED}.Release|Any CPU.Build.0 = Release|Any CPU
		{7DE0D9C0-AB36-4A2C-8412-4926F4664C75}.Debug|Any CPU.ActiveCfg = Debug|Any CPU
		{7DE0D9C0-AB36-4A2C-8412-4926F4664C75}.Debug|Any CPU.Build.0 = Debug|Any CPU
		{7DE0D9C0-AB36-4A2C-8412-4926F4664C75}.Release|Any CPU.ActiveCfg = Release|Any CPU
		{7DE0D9C0-AB36-4A2C-8412-4926F4664C75}.Release|Any CPU.Build.0 = Release|Any CPU
		{4A3E03E8-2DB1-4054-954C-8EE6A1D623C6}.Debug|Any CPU.ActiveCfg = Debug|Any CPU
		{4A3E03E8-2DB1-4054-954C-8EE6A1D623C6}.Debug|Any CPU.Build.0 = Debug|Any CPU
		{4A3E03E8-2DB1-4054-954C-8EE6A1D623C6}.Release|Any CPU.ActiveCfg = Release|Any CPU
		{4A3E03E8-2DB1-4054-954C-8EE6A1D623C6}.Release|Any CPU.Build.0 = Release|Any CPU
		{738D60B8-92DF-4CF0-A0FA-F879FA422593}.Debug|Any CPU.ActiveCfg = Debug|Any CPU
		{738D60B8-92DF-4CF0-A0FA-F879FA422593}.Debug|Any CPU.Build.0 = Debug|Any CPU
		{738D60B8-92DF-4CF0-A0FA-F879FA422593}.Release|Any CPU.ActiveCfg = Release|Any CPU
		{738D60B8-92DF-4CF0-A0FA-F879FA422593}.Release|Any CPU.Build.0 = Release|Any CPU
	EndGlobalSection
	GlobalSection(SolutionProperties) = preSolution
		HideSolutionNode = FALSE
	EndGlobalSection
	GlobalSection(NestedProjects) = preSolution
		{A479409C-78C3-4C02-BA68-A44703D0A442} = {F4E15AC2-2668-4AE0-8B85-DD505F2EAFBA}
		{838589AB-7C14-47CD-ACEB-ACA55D43906E} = {4A87E7A0-4C21-453D-B200-CD7ADB7B41BE}
		{0FDDAB61-9D23-4B0F-9309-1ACAA03E2516} = {C211615F-2267-43C6-AA77-785C78CB38D9}
		{2C9E285C-DAA0-4A99-8691-BA9CFD88EB42} = {024A026F-4C23-4998-885A-8C74AE97403B}
		{535DE0AC-415F-4FF9-A084-8472E45CF2ED} = {C211615F-2267-43C6-AA77-785C78CB38D9}
		{7DE0D9C0-AB36-4A2C-8412-4926F4664C75} = {275C7226-BE1A-4C13-A3CE-D131FF5AFA9A}
		{4A3E03E8-2DB1-4054-954C-8EE6A1D623C6} = {024A026F-4C23-4998-885A-8C74AE97403B}
		{738D60B8-92DF-4CF0-A0FA-F879FA422593} = {08B8E5E5-E2E8-4C3C-BCDC-D701E76C7E1C}
	EndGlobalSection
	GlobalSection(ExtensibilityGlobals) = postSolution
		SolutionGuid = {DA4130D5-64CC-46CE-8815-93C326398075}
	EndGlobalSection
EndGlobal
